{
  "version": 4,
  "terraform_version": "1.2.2",
  "serial": 9,
  "lineage": "ee4e0ec8-72f1-4364-4527-a55588fd726c",
  "outputs": {},
  "resources": [
    {
      "mode": "managed",
      "type": "azurerm_mssql_database",
      "name": "heart8rate",
      "provider": "provider[\"registry.terraform.io/hashicorp/azurerm\"]",
      "instances": [
        {
          "schema_version": 1,
          "attributes": {
            "auto_pause_delay_in_minutes": 0,
            "collation": "SQL_Latin1_General_CP1_CI_AS",
            "create_mode": "Default",
            "creation_source_database_id": null,
            "elastic_pool_id": "",
            "geo_backup_enabled": true,
            "id": "/subscriptions/5ec6ddd8-60a2-4186-9e32-59fbeab53734/resourceGroups/DataBase_Resource_Group/providers/Microsoft.Sql/servers/sqlserver84209/databases/heart8rate",
            "ledger_enabled": false,
            "license_type": "",
            "long_term_retention_policy": [
              {
                "monthly_retention": "PT0S",
                "week_of_year": 0,
                "weekly_retention": "PT0S",
                "yearly_retention": "PT0S"
              }
            ],
            "max_size_gb": 250,
            "min_capacity": 0,
            "name": "heart8rate",
            "read_replica_count": 0,
            "read_scale": false,
            "recover_database_id": null,
            "restore_dropped_database_id": null,
            "restore_point_in_time": null,
            "sample_name": null,
            "server_id": "/subscriptions/5ec6ddd8-60a2-4186-9e32-59fbeab53734/resourceGroups/DataBase_Resource_Group/providers/Microsoft.Sql/servers/sqlserver84209",
            "short_term_retention_policy": [
              {
                "backup_interval_in_hours": 24,
                "retention_days": 7
              }
            ],
            "sku_name": "S0",
            "storage_account_type": "Geo",
            "tags": null,
            "threat_detection_policy": [
              {
                "disabled_alerts": [],
                "email_account_admins": "Disabled",
                "email_addresses": [],
                "retention_days": 0,
                "state": "Disabled",
                "storage_account_access_key": "",
                "storage_endpoint": ""
              }
            ],
            "timeouts": null,
            "transparent_data_encryption_enabled": true,
            "zone_redundant": false
          },
          "sensitive_attributes": [],
          "private": "eyJlMmJmYjczMC1lY2FhLTExZTYtOGY4OC0zNDM2M2JjN2M0YzAiOnsiY3JlYXRlIjozNjAwMDAwMDAwMDAwLCJkZWxldGUiOjM2MDAwMDAwMDAwMDAsInJlYWQiOjMwMDAwMDAwMDAwMCwidXBkYXRlIjozNjAwMDAwMDAwMDAwfSwic2NoZW1hX3ZlcnNpb24iOiIxIn0="
        }
      ]
    },
    {
      "mode": "managed",
      "type": "azurerm_mssql_server",
      "name": "sqlserver84209",
      "provider": "provider[\"registry.terraform.io/hashicorp/azurerm\"]",
      "instances": [
        {
          "schema_version": 0,
          "attributes": {
            "administrator_login": "DevopsProj",
            "administrator_login_password": "MANNAVA-SMITH-2022m",
            "azuread_administrator": [],
            "connection_policy": "Redirect",
            "fully_qualified_domain_name": "sqlserver84209.database.windows.net",
            "id": "/subscriptions/5ec6ddd8-60a2-4186-9e32-59fbeab53734/resourceGroups/DataBase_Resource_Group/providers/Microsoft.Sql/servers/sqlserver84209",
            "identity": [
              {
                "identity_ids": [
                  "/subscriptions/5ec6ddd8-60a2-4186-9e32-59fbeab53734/resourceGroups/DataBase_Resource_Group/providers/Microsoft.ManagedIdentity/userAssignedIdentities/api"
                ],
                "principal_id": "",
                "tenant_id": "",
                "type": "UserAssigned"
              }
            ],
            "location": "eastus",
            "minimum_tls_version": "1.2",
            "name": "sqlserver84209",
            "outbound_network_restriction_enabled": false,
            "primary_user_assigned_identity_id": "",
            "public_network_access_enabled": true,
            "resource_group_name": "DataBase_Resource_Group",
            "restorable_dropped_database_ids": [],
            "tags": {},
            "timeouts": null,
            "version": "12.0"
          },
          "sensitive_attributes": [],
          "private": "eyJlMmJmYjczMC1lY2FhLTExZTYtOGY4OC0zNDM2M2JjN2M0YzAiOnsiY3JlYXRlIjozNjAwMDAwMDAwMDAwLCJkZWxldGUiOjM2MDAwMDAwMDAwMDAsInJlYWQiOjMwMDAwMDAwMDAwMCwidXBkYXRlIjozNjAwMDAwMDAwMDAwfX0="
        }
      ]
    },
    {
      "mode": "managed",
      "type": "azurerm_resource_group",
      "name": "DataBase_Resource_Group",
      "provider": "provider[\"registry.terraform.io/hashicorp/azurerm\"]",
      "instances": [
        {
          "schema_version": 0,
          "attributes": {
            "id": "/subscriptions/5ec6ddd8-60a2-4186-9e32-59fbeab53734/resourceGroups/DataBase_Resource_Group",
            "location": "eastus",
            "name": "DataBase_Resource_Group",
            "tags": {},
            "timeouts": {
              "create": null,
              "delete": null,
              "read": null,
              "update": null
            }
          },
          "sensitive_attributes": [],
          "private": "eyJlMmJmYjczMC1lY2FhLTExZTYtOGY4OC0zNDM2M2JjN2M0YzAiOnsiY3JlYXRlIjo1NDAwMDAwMDAwMDAwLCJkZWxldGUiOjU0MDAwMDAwMDAwMDAsInJlYWQiOjMwMDAwMDAwMDAwMCwidXBkYXRlIjo1NDAwMDAwMDAwMDAwfSwic2NoZW1hX3ZlcnNpb24iOiIwIn0="
        }
      ]
    },
    {
      "mode": "managed",
      "type": "azurerm_storage_account",
      "name": "devopsstorage513872",
      "provider": "provider[\"registry.terraform.io/hashicorp/azurerm\"]",
      "instances": [
        {
          "schema_version": 3,
          "attributes": {
            "access_tier": "Hot",
            "account_kind": "StorageV2",
            "account_replication_type": "LRS",
            "account_tier": "Standard",
            "allow_nested_items_to_be_public": true,
            "azure_files_authentication": [],
            "blob_properties": [
              {
                "change_feed_enabled": false,
                "container_delete_retention_policy": [],
                "cors_rule": [],
                "default_service_version": "",
                "delete_retention_policy": [],
                "last_access_time_enabled": false,
                "versioning_enabled": false
              }
            ],
            "cross_tenant_replication_enabled": true,
            "custom_domain": [],
            "customer_managed_key": [],
            "edge_zone": "",
            "enable_https_traffic_only": true,
            "id": "/subscriptions/5ec6ddd8-60a2-4186-9e32-59fbeab53734/resourceGroups/DataBase_Resource_Group/providers/Microsoft.Storage/storageAccounts/devopsstorage513872",
            "identity": [],
            "infrastructure_encryption_enabled": false,
            "is_hns_enabled": false,
            "large_file_share_enabled": null,
            "location": "eastus",
            "min_tls_version": "TLS1_2",
            "name": "devopsstorage513872",
            "network_rules": [
              {
                "bypass": [
                  "AzureServices"
                ],
                "default_action": "Allow",
                "ip_rules": [],
                "private_link_access": [],
                "virtual_network_subnet_ids": []
              }
            ],
            "nfsv3_enabled": false,
            "primary_access_key": "AZULjcdvL65X0viF525nClU9Pd4eL/qqS9zPLswrrl3g2Q9DXNuwXJSi7Pj8PoU9WnfDSLVGAjB2+ASttCrj5Q==",
            "primary_blob_connection_string": "DefaultEndpointsProtocol=https;BlobEndpoint=https://devopsstorage513872.blob.core.windows.net/;AccountName=devopsstorage513872;AccountKey=AZULjcdvL65X0viF525nClU9Pd4eL/qqS9zPLswrrl3g2Q9DXNuwXJSi7Pj8PoU9WnfDSLVGAjB2+ASttCrj5Q==",
            "primary_blob_endpoint": "https://devopsstorage513872.blob.core.windows.net/",
            "primary_blob_host": "devopsstorage513872.blob.core.windows.net",
            "primary_connection_string": "DefaultEndpointsProtocol=https;AccountName=devopsstorage513872;AccountKey=AZULjcdvL65X0viF525nClU9Pd4eL/qqS9zPLswrrl3g2Q9DXNuwXJSi7Pj8PoU9WnfDSLVGAjB2+ASttCrj5Q==;EndpointSuffix=core.windows.net",
            "primary_dfs_endpoint": "https://devopsstorage513872.dfs.core.windows.net/",
            "primary_dfs_host": "devopsstorage513872.dfs.core.windows.net",
            "primary_file_endpoint": "https://devopsstorage513872.file.core.windows.net/",
            "primary_file_host": "devopsstorage513872.file.core.windows.net",
            "primary_location": "eastus",
            "primary_queue_endpoint": "https://devopsstorage513872.queue.core.windows.net/",
            "primary_queue_host": "devopsstorage513872.queue.core.windows.net",
            "primary_table_endpoint": "https://devopsstorage513872.table.core.windows.net/",
            "primary_table_host": "devopsstorage513872.table.core.windows.net",
            "primary_web_endpoint": "https://devopsstorage513872.z13.web.core.windows.net/",
            "primary_web_host": "devopsstorage513872.z13.web.core.windows.net",
            "queue_encryption_key_type": "Service",
            "queue_properties": [
              {
                "cors_rule": [],
                "hour_metrics": [
                  {
                    "enabled": true,
                    "include_apis": true,
                    "retention_policy_days": 7,
                    "version": "1.0"
                  }
                ],
                "logging": [
                  {
                    "delete": false,
                    "read": false,
                    "retention_policy_days": 0,
                    "version": "1.0",
                    "write": false
                  }
                ],
                "minute_metrics": [
                  {
                    "enabled": false,
                    "include_apis": false,
                    "retention_policy_days": 0,
                    "version": "1.0"
                  }
                ]
              }
            ],
            "resource_group_name": "DataBase_Resource_Group",
            "routing": [],
            "secondary_access_key": "xHZxVYPFgDp2zVqupRnUASl0ssee5wn5m6xzs6g2zKxLfkPi2j94YhHh5+o6nCpANVccqhCKANUX+AStgxnGDQ==",
            "secondary_blob_connection_string": "",
            "secondary_blob_endpoint": null,
            "secondary_blob_host": null,
            "secondary_connection_string": "DefaultEndpointsProtocol=https;AccountName=devopsstorage513872;AccountKey=xHZxVYPFgDp2zVqupRnUASl0ssee5wn5m6xzs6g2zKxLfkPi2j94YhHh5+o6nCpANVccqhCKANUX+AStgxnGDQ==;EndpointSuffix=core.windows.net",
            "secondary_dfs_endpoint": null,
            "secondary_dfs_host": null,
            "secondary_file_endpoint": null,
            "secondary_file_host": null,
            "secondary_location": "",
            "secondary_queue_endpoint": null,
            "secondary_queue_host": null,
            "secondary_table_endpoint": null,
            "secondary_table_host": null,
            "secondary_web_endpoint": null,
            "secondary_web_host": null,
            "share_properties": [
              {
                "cors_rule": [],
                "retention_policy": [
                  {
                    "days": 7
                  }
                ],
                "smb": []
              }
            ],
            "shared_access_key_enabled": true,
            "static_website": [],
            "table_encryption_key_type": "Service",
            "tags": {},
            "timeouts": null
          },
          "sensitive_attributes": [],
          "private": "eyJlMmJmYjczMC1lY2FhLTExZTYtOGY4OC0zNDM2M2JjN2M0YzAiOnsiY3JlYXRlIjozNjAwMDAwMDAwMDAwLCJkZWxldGUiOjM2MDAwMDAwMDAwMDAsInJlYWQiOjMwMDAwMDAwMDAwMCwidXBkYXRlIjozNjAwMDAwMDAwMDAwfSwic2NoZW1hX3ZlcnNpb24iOiIzIn0="
        }
      ]
    },
    {
      "mode": "managed",
      "type": "azurerm_user_assigned_identity",
      "name": "api",
      "provider": "provider[\"registry.terraform.io/hashicorp/azurerm\"]",
      "instances": [
        {
          "schema_version": 1,
          "attributes": {
            "client_id": "9493fa68-2651-4efe-80c3-54a28026eceb",
            "id": "/subscriptions/5ec6ddd8-60a2-4186-9e32-59fbeab53734/resourceGroups/DataBase_Resource_Group/providers/Microsoft.ManagedIdentity/userAssignedIdentities/api",
            "location": "eastus",
            "name": "api",
            "principal_id": "b3339b52-8b52-4ec3-b1d2-e466f51ea84b",
            "resource_group_name": "DataBase_Resource_Group",
            "tags": {},
            "tenant_id": "413f938c-6491-4a79-ab15-40391f06e8f6",
            "timeouts": {
              "create": null,
              "delete": null,
              "read": null,
              "update": null
            }
          },
          "sensitive_attributes": [],
          "private": "eyJlMmJmYjczMC1lY2FhLTExZTYtOGY4OC0zNDM2M2JjN2M0YzAiOnsiY3JlYXRlIjoxODAwMDAwMDAwMDAwLCJkZWxldGUiOjE4MDAwMDAwMDAwMDAsInJlYWQiOjMwMDAwMDAwMDAwMCwidXBkYXRlIjoxODAwMDAwMDAwMDAwfSwic2NoZW1hX3ZlcnNpb24iOiIxIn0="
        }
      ]
    }
  ]
}
